# This file is @generated by PDM.
# It is not intended for manual editing.

[metadata]
groups = ["default", "dev", "pydantic", "test"]
strategy = ["cross_platform", "inherit_metadata"]
lock_version = "4.5.0"
content_hash = "sha256:26f710b386eb2662d88458114cfbaee0b8d330678e34dff2909a15af02e27e3d"

[[metadata.targets]]
requires_python = ">=3.10"

[[package]]
name = "annotated-types"
version = "0.7.0"
requires_python = ">=3.8"
summary = "Reusable constraint types to use with typing.Annotated"
groups = ["pydantic"]
dependencies = [
    "typing-extensions>=4.0.0; python_version < \"3.9\"",
]
files = [
    {file = "annotated_types-0.7.0-py3-none-any.whl", hash = "sha256:1f02e8b43a8fbbc3f3e0d4f0f4bfc8131bcb4eebe8849b8e5c773f3a1c582a53"},
    {file = "annotated_types-0.7.0.tar.gz", hash = "sha256:aff07c09a53a08bc8cfccb9c85b05f1aa9a2a6f23728d790723543408344ce89"},
]

[[package]]
name = "colorama"
version = "0.4.6"
requires_python = "!=3.0.*,!=3.1.*,!=3.2.*,!=3.3.*,!=3.4.*,!=3.5.*,!=3.6.*,>=2.7"
summary = "Cross-platform colored terminal text."
groups = ["test"]
marker = "sys_platform == \"win32\""
files = [
    {file = "colorama-0.4.6-py2.py3-none-any.whl", hash = "sha256:4f1d9991f5acc0ca119f9d443620b77f9d6b33703e51011c16baf57afb285fc6"},
    {file = "colorama-0.4.6.tar.gz", hash = "sha256:08695f5cb7ed6e0531a20572697297273c47b8cae5a63ffc6d6ed5c201be6e44"},
]

[[package]]
name = "coverage"
version = "7.4.4"
requires_python = ">=3.8"
summary = "Code coverage measurement for Python"
groups = ["test"]
files = [
    {file = "coverage-7.4.4-cp312-cp312-macosx_10_9_x86_64.whl", hash = "sha256:201bef2eea65e0e9c56343115ba3814e896afe6d36ffd37bab783261db430f76"},
    {file = "coverage-7.4.4-cp312-cp312-macosx_11_0_arm64.whl", hash = "sha256:41c9c5f3de16b903b610d09650e5e27adbfa7f500302718c9ffd1c12cf9d6818"},
    {file = "coverage-7.4.4-cp312-cp312-manylinux_2_17_aarch64.manylinux2014_aarch64.whl", hash = "sha256:d898fe162d26929b5960e4e138651f7427048e72c853607f2b200909794ed978"},
    {file = "coverage-7.4.4-cp312-cp312-manylinux_2_5_i686.manylinux1_i686.manylinux_2_17_i686.manylinux2014_i686.whl", hash = "sha256:3ea79bb50e805cd6ac058dfa3b5c8f6c040cb87fe83de10845857f5535d1db70"},
    {file = "coverage-7.4.4-cp312-cp312-manylinux_2_5_x86_64.manylinux1_x86_64.manylinux_2_17_x86_64.manylinux2014_x86_64.whl", hash = "sha256:ce4b94265ca988c3f8e479e741693d143026632672e3ff924f25fab50518dd51"},
    {file = "coverage-7.4.4-cp312-cp312-musllinux_1_1_aarch64.whl", hash = "sha256:00838a35b882694afda09f85e469c96367daa3f3f2b097d846a7216993d37f4c"},
    {file = "coverage-7.4.4-cp312-cp312-musllinux_1_1_i686.whl", hash = "sha256:fdfafb32984684eb03c2d83e1e51f64f0906b11e64482df3c5db936ce3839d48"},
    {file = "coverage-7.4.4-cp312-cp312-musllinux_1_1_x86_64.whl", hash = "sha256:69eb372f7e2ece89f14751fbcbe470295d73ed41ecd37ca36ed2eb47512a6ab9"},
    {file = "coverage-7.4.4-cp312-cp312-win32.whl", hash = "sha256:137eb07173141545e07403cca94ab625cc1cc6bc4c1e97b6e3846270e7e1fea0"},
    {file = "coverage-7.4.4-cp312-cp312-win_amd64.whl", hash = "sha256:d71eec7d83298f1af3326ce0ff1d0ea83c7cb98f72b577097f9083b20bdaf05e"},
    {file = "coverage-7.4.4-pp38.pp39.pp310-none-any.whl", hash = "sha256:b2c5edc4ac10a7ef6605a966c58929ec6c1bd0917fb8c15cb3363f65aa40e677"},
    {file = "coverage-7.4.4.tar.gz", hash = "sha256:c901df83d097649e257e803be22592aedfd5182f07b3cc87d640bbb9afd50f49"},
]

[[package]]
name = "coverage"
version = "7.4.4"
extras = ["toml"]
requires_python = ">=3.8"
summary = "Code coverage measurement for Python"
groups = ["test"]
dependencies = [
    "coverage==7.4.4",
    "tomli; python_full_version <= \"3.11.0a6\"",
]
files = [
    {file = "coverage-7.4.4-cp312-cp312-macosx_10_9_x86_64.whl", hash = "sha256:201bef2eea65e0e9c56343115ba3814e896afe6d36ffd37bab783261db430f76"},
    {file = "coverage-7.4.4-cp312-cp312-macosx_11_0_arm64.whl", hash = "sha256:41c9c5f3de16b903b610d09650e5e27adbfa7f500302718c9ffd1c12cf9d6818"},
    {file = "coverage-7.4.4-cp312-cp312-manylinux_2_17_aarch64.manylinux2014_aarch64.whl", hash = "sha256:d898fe162d26929b5960e4e138651f7427048e72c853607f2b200909794ed978"},
    {file = "coverage-7.4.4-cp312-cp312-manylinux_2_5_i686.manylinux1_i686.manylinux_2_17_i686.manylinux2014_i686.whl", hash = "sha256:3ea79bb50e805cd6ac058dfa3b5c8f6c040cb87fe83de10845857f5535d1db70"},
    {file = "coverage-7.4.4-cp312-cp312-manylinux_2_5_x86_64.manylinux1_x86_64.manylinux_2_17_x86_64.manylinux2014_x86_64.whl", hash = "sha256:ce4b94265ca988c3f8e479e741693d143026632672e3ff924f25fab50518dd51"},
    {file = "coverage-7.4.4-cp312-cp312-musllinux_1_1_aarch64.whl", hash = "sha256:00838a35b882694afda09f85e469c96367daa3f3f2b097d846a7216993d37f4c"},
    {file = "coverage-7.4.4-cp312-cp312-musllinux_1_1_i686.whl", hash = "sha256:fdfafb32984684eb03c2d83e1e51f64f0906b11e64482df3c5db936ce3839d48"},
    {file = "coverage-7.4.4-cp312-cp312-musllinux_1_1_x86_64.whl", hash = "sha256:69eb372f7e2ece89f14751fbcbe470295d73ed41ecd37ca36ed2eb47512a6ab9"},
    {file = "coverage-7.4.4-cp312-cp312-win32.whl", hash = "sha256:137eb07173141545e07403cca94ab625cc1cc6bc4c1e97b6e3846270e7e1fea0"},
    {file = "coverage-7.4.4-cp312-cp312-win_amd64.whl", hash = "sha256:d71eec7d83298f1af3326ce0ff1d0ea83c7cb98f72b577097f9083b20bdaf05e"},
    {file = "coverage-7.4.4-pp38.pp39.pp310-none-any.whl", hash = "sha256:b2c5edc4ac10a7ef6605a966c58929ec6c1bd0917fb8c15cb3363f65aa40e677"},
    {file = "coverage-7.4.4.tar.gz", hash = "sha256:c901df83d097649e257e803be22592aedfd5182f07b3cc87d640bbb9afd50f49"},
]

[[package]]
name = "dnspython"
version = "2.6.1"
requires_python = ">=3.8"
summary = "DNS toolkit"
groups = ["default"]
files = [
    {file = "dnspython-2.6.1-py3-none-any.whl", hash = "sha256:5ef3b9680161f6fa89daf8ad451b5f1a33b18ae8a1c6778cdf4b43f08c0a6e50"},
    {file = "dnspython-2.6.1.tar.gz", hash = "sha256:e8f0f9c23a7b7cb99ded64e6c3a6f3e701d78f50c55e002b839dea7225cff7cc"},
]

[[package]]
name = "exceptiongroup"
version = "1.2.1"
requires_python = ">=3.7"
summary = "Backport of PEP 654 (exception groups)"
groups = ["test"]
marker = "python_version < \"3.11\""
files = [
    {file = "exceptiongroup-1.2.1-py3-none-any.whl", hash = "sha256:5258b9ed329c5bbdd31a309f53cbfb0b155341807f6ff7606a1e801a891b29ad"},
    {file = "exceptiongroup-1.2.1.tar.gz", hash = "sha256:a4785e48b045528f5bfe627b6ad554ff32def154f42372786903b7abcfe1aa16"},
]

[[package]]
name = "iniconfig"
version = "2.0.0"
requires_python = ">=3.7"
summary = "brain-dead simple config-ini parsing"
groups = ["test"]
files = [
    {file = "iniconfig-2.0.0-py3-none-any.whl", hash = "sha256:b6a85871a79d2e3b22d2d1b94ac2824226a63c6b741c88f7ae975f18b6778374"},
    {file = "iniconfig-2.0.0.tar.gz", hash = "sha256:2d91e135bf72d31a410b17c16da610a82cb55f6b0477d1a902134b24a455b8b3"},
]

[[package]]
name = "marshmallow"
version = "3.21.1"
requires_python = ">=3.8"
summary = "A lightweight library for converting complex datatypes to and from native Python datatypes."
groups = ["default"]
dependencies = [
    "packaging>=17.0",
]
files = [
    {file = "marshmallow-3.21.1-py3-none-any.whl", hash = "sha256:f085493f79efb0644f270a9bf2892843142d80d7174bbbd2f3713f2a589dc633"},
    {file = "marshmallow-3.21.1.tar.gz", hash = "sha256:4e65e9e0d80fc9e609574b9983cf32579f305c718afb30d7233ab818571768c3"},
]

[[package]]
name = "motor"
version = "3.4.0"
requires_python = ">=3.7"
summary = "Non-blocking MongoDB driver for Tornado or asyncio"
groups = ["default"]
dependencies = [
    "pymongo<5,>=4.5",
]
files = [
    {file = "motor-3.4.0-py3-none-any.whl", hash = "sha256:4b1e1a0cc5116ff73be2c080a72da078f2bb719b53bc7a6bb9e9a2f7dcd421ed"},
    {file = "motor-3.4.0.tar.gz", hash = "sha256:c89b4e4eb2e711345e91c7c9b122cb68cce0e5e869ed0387dd0acb10775e3131"},
]

[[package]]
name = "packaging"
version = "24.0"
requires_python = ">=3.7"
summary = "Core utilities for Python packages"
groups = ["default", "test"]
files = [
    {file = "packaging-24.0-py3-none-any.whl", hash = "sha256:2ddfb553fdf02fb784c234c7ba6ccc288296ceabec964ad2eae3777778130bc5"},
    {file = "packaging-24.0.tar.gz", hash = "sha256:eb82c5e3e56209074766e6885bb04b8c38a0c015d0a30036ebe7ece34c9989e9"},
]

[[package]]
name = "pluggy"
version = "1.4.0"
requires_python = ">=3.8"
summary = "plugin and hook calling mechanisms for python"
groups = ["test"]
files = [
    {file = "pluggy-1.4.0-py3-none-any.whl", hash = "sha256:7db9f7b503d67d1c5b95f59773ebb58a8c1c288129a88665838012cfb07b8981"},
    {file = "pluggy-1.4.0.tar.gz", hash = "sha256:8c85c2876142a764e5b7548e7d9a0e0ddb46f5185161049a79b7e974454223be"},
]

[[package]]
name = "pydantic"
version = "2.11.3"
requires_python = ">=3.9"
summary = "Data validation using Python type hints"
groups = ["pydantic"]
dependencies = [
    "annotated-types>=0.6.0",
    "pydantic-core==2.33.1",
    "typing-extensions>=4.12.2",
    "typing-inspection>=0.4.0",
]
files = [
    {file = "pydantic-2.11.3-py3-none-any.whl", hash = "sha256:a082753436a07f9ba1289c6ffa01cd93db3548776088aa917cc43b63f68fa60f"},
    {file = "pydantic-2.11.3.tar.gz", hash = "sha256:7471657138c16adad9322fe3070c0116dd6c3ad8d649300e3cbdfe91f4db4ec3"},
]

[[package]]
name = "pydantic-core"
version = "2.33.1"
requires_python = ">=3.9"
summary = "Core functionality for Pydantic validation and serialization"
groups = ["pydantic"]
dependencies = [
    "typing-extensions!=4.7.0,>=4.6.0",
]
files = [
    {file = "pydantic_core-2.33.1-cp310-cp310-macosx_10_12_x86_64.whl", hash = "sha256:3077cfdb6125cc8dab61b155fdd714663e401f0e6883f9632118ec12cf42df26"},
    {file = "pydantic_core-2.33.1-cp310-cp310-macosx_11_0_arm64.whl", hash = "sha256:8ffab8b2908d152e74862d276cf5017c81a2f3719f14e8e3e8d6b83fda863927"},
    {file = "pydantic_core-2.33.1-cp310-cp310-manylinux_2_17_aarch64.manylinux2014_aarch64.whl", hash = "sha256:5183e4f6a2d468787243ebcd70cf4098c247e60d73fb7d68d5bc1e1beaa0c4db"},
    {file = "pydantic_core-2.33.1-cp310-cp310-manylinux_2_17_armv7l.manylinux2014_armv7l.whl", hash = "sha256:398a38d323f37714023be1e0285765f0a27243a8b1506b7b7de87b647b517e48"},
    {file = "pydantic_core-2.33.1-cp310-cp310-manylinux_2_17_ppc64le.manylinux2014_ppc64le.whl", hash = "sha256:87d3776f0001b43acebfa86f8c64019c043b55cc5a6a2e313d728b5c95b46969"},
    {file = "pydantic_core-2.33.1-cp310-cp310-manylinux_2_17_s390x.manylinux2014_s390x.whl", hash = "sha256:c566dd9c5f63d22226409553531f89de0cac55397f2ab8d97d6f06cfce6d947e"},
    {file = "pydantic_core-2.33.1-cp310-cp310-manylinux_2_17_x86_64.manylinux2014_x86_64.whl", hash = "sha256:a0d5f3acc81452c56895e90643a625302bd6be351e7010664151cc55b7b97f89"},
    {file = "pydantic_core-2.33.1-cp310-cp310-manylinux_2_5_i686.manylinux1_i686.whl", hash = "sha256:d3a07fadec2a13274a8d861d3d37c61e97a816beae717efccaa4b36dfcaadcde"},
    {file = "pydantic_core-2.33.1-cp310-cp310-musllinux_1_1_aarch64.whl", hash = "sha256:f99aeda58dce827f76963ee87a0ebe75e648c72ff9ba1174a253f6744f518f65"},
    {file = "pydantic_core-2.33.1-cp310-cp310-musllinux_1_1_armv7l.whl", hash = "sha256:902dbc832141aa0ec374f4310f1e4e7febeebc3256f00dc359a9ac3f264a45dc"},
    {file = "pydantic_core-2.33.1-cp310-cp310-musllinux_1_1_x86_64.whl", hash = "sha256:fe44d56aa0b00d66640aa84a3cbe80b7a3ccdc6f0b1ca71090696a6d4777c091"},
    {file = "pydantic_core-2.33.1-cp310-cp310-win32.whl", hash = "sha256:ed3eb16d51257c763539bde21e011092f127a2202692afaeaccb50db55a31383"},
    {file = "pydantic_core-2.33.1-cp310-cp310-win_amd64.whl", hash = "sha256:694ad99a7f6718c1a498dc170ca430687a39894a60327f548e02a9c7ee4b6504"},
    {file = "pydantic_core-2.33.1-cp311-cp311-macosx_10_12_x86_64.whl", hash = "sha256:6e966fc3caaf9f1d96b349b0341c70c8d6573bf1bac7261f7b0ba88f96c56c24"},
    {file = "pydantic_core-2.33.1-cp311-cp311-macosx_11_0_arm64.whl", hash = "sha256:bfd0adeee563d59c598ceabddf2c92eec77abcb3f4a391b19aa7366170bd9e30"},
    {file = "pydantic_core-2.33.1-cp311-cp311-manylinux_2_17_aarch64.manylinux2014_aarch64.whl", hash = "sha256:91815221101ad3c6b507804178a7bb5cb7b2ead9ecd600041669c8d805ebd595"},
    {file = "pydantic_core-2.33.1-cp311-cp311-manylinux_2_17_armv7l.manylinux2014_armv7l.whl", hash = "sha256:9fea9c1869bb4742d174a57b4700c6dadea951df8b06de40c2fedb4f02931c2e"},
    {file = "pydantic_core-2.33.1-cp311-cp311-manylinux_2_17_ppc64le.manylinux2014_ppc64le.whl", hash = "sha256:1d20eb4861329bb2484c021b9d9a977566ab16d84000a57e28061151c62b349a"},
    {file = "pydantic_core-2.33.1-cp311-cp311-manylinux_2_17_s390x.manylinux2014_s390x.whl", hash = "sha256:0fb935c5591573ae3201640579f30128ccc10739b45663f93c06796854405505"},
    {file = "pydantic_core-2.33.1-cp311-cp311-manylinux_2_17_x86_64.manylinux2014_x86_64.whl", hash = "sha256:c964fd24e6166420d18fb53996d8c9fd6eac9bf5ae3ec3d03015be4414ce497f"},
    {file = "pydantic_core-2.33.1-cp311-cp311-manylinux_2_5_i686.manylinux1_i686.whl", hash = "sha256:681d65e9011f7392db5aa002b7423cc442d6a673c635668c227c6c8d0e5a4f77"},
    {file = "pydantic_core-2.33.1-cp311-cp311-musllinux_1_1_aarch64.whl", hash = "sha256:e100c52f7355a48413e2999bfb4e139d2977a904495441b374f3d4fb4a170961"},
    {file = "pydantic_core-2.33.1-cp311-cp311-musllinux_1_1_armv7l.whl", hash = "sha256:048831bd363490be79acdd3232f74a0e9951b11b2b4cc058aeb72b22fdc3abe1"},
    {file = "pydantic_core-2.33.1-cp311-cp311-musllinux_1_1_x86_64.whl", hash = "sha256:bdc84017d28459c00db6f918a7272a5190bec3090058334e43a76afb279eac7c"},
    {file = "pydantic_core-2.33.1-cp311-cp311-win32.whl", hash = "sha256:32cd11c5914d1179df70406427097c7dcde19fddf1418c787540f4b730289896"},
    {file = "pydantic_core-2.33.1-cp311-cp311-win_amd64.whl", hash = "sha256:2ea62419ba8c397e7da28a9170a16219d310d2cf4970dbc65c32faf20d828c83"},
    {file = "pydantic_core-2.33.1-cp311-cp311-win_arm64.whl", hash = "sha256:fc903512177361e868bc1f5b80ac8c8a6e05fcdd574a5fb5ffeac5a9982b9e89"},
    {file = "pydantic_core-2.33.1-cp312-cp312-macosx_10_12_x86_64.whl", hash = "sha256:1293d7febb995e9d3ec3ea09caf1a26214eec45b0f29f6074abb004723fc1de8"},
    {file = "pydantic_core-2.33.1-cp312-cp312-macosx_11_0_arm64.whl", hash = "sha256:99b56acd433386c8f20be5c4000786d1e7ca0523c8eefc995d14d79c7a081498"},
    {file = "pydantic_core-2.33.1-cp312-cp312-manylinux_2_17_aarch64.manylinux2014_aarch64.whl", hash = "sha256:35a5ec3fa8c2fe6c53e1b2ccc2454398f95d5393ab398478f53e1afbbeb4d939"},
    {file = "pydantic_core-2.33.1-cp312-cp312-manylinux_2_17_armv7l.manylinux2014_armv7l.whl", hash = "sha256:b172f7b9d2f3abc0efd12e3386f7e48b576ef309544ac3a63e5e9cdd2e24585d"},
    {file = "pydantic_core-2.33.1-cp312-cp312-manylinux_2_17_ppc64le.manylinux2014_ppc64le.whl", hash = "sha256:9097b9f17f91eea659b9ec58148c0747ec354a42f7389b9d50701610d86f812e"},
    {file = "pydantic_core-2.33.1-cp312-cp312-manylinux_2_17_s390x.manylinux2014_s390x.whl", hash = "sha256:cc77ec5b7e2118b152b0d886c7514a4653bcb58c6b1d760134a9fab915f777b3"},
    {file = "pydantic_core-2.33.1-cp312-cp312-manylinux_2_17_x86_64.manylinux2014_x86_64.whl", hash = "sha256:d5e3d15245b08fa4a84cefc6c9222e6f37c98111c8679fbd94aa145f9a0ae23d"},
    {file = "pydantic_core-2.33.1-cp312-cp312-manylinux_2_5_i686.manylinux1_i686.whl", hash = "sha256:ef99779001d7ac2e2461d8ab55d3373fe7315caefdbecd8ced75304ae5a6fc6b"},
    {file = "pydantic_core-2.33.1-cp312-cp312-musllinux_1_1_aarch64.whl", hash = "sha256:fc6bf8869e193855e8d91d91f6bf59699a5cdfaa47a404e278e776dd7f168b39"},
    {file = "pydantic_core-2.33.1-cp312-cp312-musllinux_1_1_armv7l.whl", hash = "sha256:b1caa0bc2741b043db7823843e1bde8aaa58a55a58fda06083b0569f8b45693a"},
    {file = "pydantic_core-2.33.1-cp312-cp312-musllinux_1_1_x86_64.whl", hash = "sha256:ec259f62538e8bf364903a7d0d0239447059f9434b284f5536e8402b7dd198db"},
    {file = "pydantic_core-2.33.1-cp312-cp312-win32.whl", hash = "sha256:e14f369c98a7c15772b9da98987f58e2b509a93235582838bd0d1d8c08b68fda"},
    {file = "pydantic_core-2.33.1-cp312-cp312-win_amd64.whl", hash = "sha256:1c607801d85e2e123357b3893f82c97a42856192997b95b4d8325deb1cd0c5f4"},
    {file = "pydantic_core-2.33.1-cp312-cp312-win_arm64.whl", hash = "sha256:8d13f0276806ee722e70a1c93da19748594f19ac4299c7e41237fc791d1861ea"},
    {file = "pydantic_core-2.33.1-cp313-cp313-macosx_10_12_x86_64.whl", hash = "sha256:70af6a21237b53d1fe7b9325b20e65cbf2f0a848cf77bed492b029139701e66a"},
    {file = "pydantic_core-2.33.1-cp313-cp313-macosx_11_0_arm64.whl", hash = "sha256:282b3fe1bbbe5ae35224a0dbd05aed9ccabccd241e8e6b60370484234b456266"},
    {file = "pydantic_core-2.33.1-cp313-cp313-manylinux_2_17_aarch64.manylinux2014_aarch64.whl", hash = "sha256:4b315e596282bbb5822d0c7ee9d255595bd7506d1cb20c2911a4da0b970187d3"},
    {file = "pydantic_core-2.33.1-cp313-cp313-manylinux_2_17_armv7l.manylinux2014_armv7l.whl", hash = "sha256:1dfae24cf9921875ca0ca6a8ecb4bb2f13c855794ed0d468d6abbec6e6dcd44a"},
    {file = "pydantic_core-2.33.1-cp313-cp313-manylinux_2_17_ppc64le.manylinux2014_ppc64le.whl", hash = "sha256:6dd8ecfde08d8bfadaea669e83c63939af76f4cf5538a72597016edfa3fad516"},
    {file = "pydantic_core-2.33.1-cp313-cp313-manylinux_2_17_s390x.manylinux2014_s390x.whl", hash = "sha256:2f593494876eae852dc98c43c6f260f45abdbfeec9e4324e31a481d948214764"},
    {file = "pydantic_core-2.33.1-cp313-cp313-manylinux_2_17_x86_64.manylinux2014_x86_64.whl", hash = "sha256:948b73114f47fd7016088e5186d13faf5e1b2fe83f5e320e371f035557fd264d"},
    {file = "pydantic_core-2.33.1-cp313-cp313-manylinux_2_5_i686.manylinux1_i686.whl", hash = "sha256:e11f3864eb516af21b01e25fac915a82e9ddad3bb0fb9e95a246067398b435a4"},
    {file = "pydantic_core-2.33.1-cp313-cp313-musllinux_1_1_aarch64.whl", hash = "sha256:549150be302428b56fdad0c23c2741dcdb5572413776826c965619a25d9c6bde"},
    {file = "pydantic_core-2.33.1-cp313-cp313-musllinux_1_1_armv7l.whl", hash = "sha256:495bc156026efafd9ef2d82372bd38afce78ddd82bf28ef5276c469e57c0c83e"},
    {file = "pydantic_core-2.33.1-cp313-cp313-musllinux_1_1_x86_64.whl", hash = "sha256:ec79de2a8680b1a67a07490bddf9636d5c2fab609ba8c57597e855fa5fa4dacd"},
    {file = "pydantic_core-2.33.1-cp313-cp313-win32.whl", hash = "sha256:ee12a7be1742f81b8a65b36c6921022301d466b82d80315d215c4c691724986f"},
    {file = "pydantic_core-2.33.1-cp313-cp313-win_amd64.whl", hash = "sha256:ede9b407e39949d2afc46385ce6bd6e11588660c26f80576c11c958e6647bc40"},
    {file = "pydantic_core-2.33.1-cp313-cp313-win_arm64.whl", hash = "sha256:aa687a23d4b7871a00e03ca96a09cad0f28f443690d300500603bd0adba4b523"},
    {file = "pydantic_core-2.33.1-cp313-cp313t-macosx_11_0_arm64.whl", hash = "sha256:401d7b76e1000d0dd5538e6381d28febdcacb097c8d340dde7d7fc6e13e9f95d"},
    {file = "pydantic_core-2.33.1-cp313-cp313t-manylinux_2_17_x86_64.manylinux2014_x86_64.whl", hash = "sha256:7aeb055a42d734c0255c9e489ac67e75397d59c6fbe60d155851e9782f276a9c"},
    {file = "pydantic_core-2.33.1-cp313-cp313t-win_amd64.whl", hash = "sha256:338ea9b73e6e109f15ab439e62cb3b78aa752c7fd9536794112e14bee02c8d18"},
    {file = "pydantic_core-2.33.1-pp310-pypy310_pp73-macosx_10_12_x86_64.whl", hash = "sha256:5c834f54f8f4640fd7e4b193f80eb25a0602bba9e19b3cd2fc7ffe8199f5ae02"},
    {file = "pydantic_core-2.33.1-pp310-pypy310_pp73-macosx_11_0_arm64.whl", hash = "sha256:049e0de24cf23766f12cc5cc71d8abc07d4a9deb9061b334b62093dedc7cb068"},
    {file = "pydantic_core-2.33.1-pp310-pypy310_pp73-manylinux_2_17_aarch64.manylinux2014_aarch64.whl", hash = "sha256:1a28239037b3d6f16916a4c831a5a0eadf856bdd6d2e92c10a0da3a59eadcf3e"},
    {file = "pydantic_core-2.33.1-pp310-pypy310_pp73-manylinux_2_17_x86_64.manylinux2014_x86_64.whl", hash = "sha256:9d3da303ab5f378a268fa7d45f37d7d85c3ec19769f28d2cc0c61826a8de21fe"},
    {file = "pydantic_core-2.33.1-pp310-pypy310_pp73-manylinux_2_5_i686.manylinux1_i686.whl", hash = "sha256:25626fb37b3c543818c14821afe0fd3830bc327a43953bc88db924b68c5723f1"},
    {file = "pydantic_core-2.33.1-pp310-pypy310_pp73-musllinux_1_1_aarch64.whl", hash = "sha256:3ab2d36e20fbfcce8f02d73c33a8a7362980cff717926bbae030b93ae46b56c7"},
    {file = "pydantic_core-2.33.1-pp310-pypy310_pp73-musllinux_1_1_armv7l.whl", hash = "sha256:2f9284e11c751b003fd4215ad92d325d92c9cb19ee6729ebd87e3250072cdcde"},
    {file = "pydantic_core-2.33.1-pp310-pypy310_pp73-musllinux_1_1_x86_64.whl", hash = "sha256:048c01eee07d37cbd066fc512b9d8b5ea88ceeb4e629ab94b3e56965ad655add"},
    {file = "pydantic_core-2.33.1-pp310-pypy310_pp73-win_amd64.whl", hash = "sha256:5ccd429694cf26af7997595d627dd2637e7932214486f55b8a357edaac9dae8c"},
    {file = "pydantic_core-2.33.1-pp311-pypy311_pp73-macosx_10_12_x86_64.whl", hash = "sha256:3a371dc00282c4b84246509a5ddc808e61b9864aa1eae9ecc92bb1268b82db4a"},
    {file = "pydantic_core-2.33.1-pp311-pypy311_pp73-macosx_11_0_arm64.whl", hash = "sha256:f59295ecc75a1788af8ba92f2e8c6eeaa5a94c22fc4d151e8d9638814f85c8fc"},
    {file = "pydantic_core-2.33.1-pp311-pypy311_pp73-manylinux_2_17_aarch64.manylinux2014_aarch64.whl", hash = "sha256:08530b8ac922003033f399128505f513e30ca770527cc8bbacf75a84fcc2c74b"},
    {file = "pydantic_core-2.33.1-pp311-pypy311_pp73-manylinux_2_17_x86_64.manylinux2014_x86_64.whl", hash = "sha256:bae370459da6a5466978c0eacf90690cb57ec9d533f8e63e564ef3822bfa04fe"},
    {file = "pydantic_core-2.33.1-pp311-pypy311_pp73-manylinux_2_5_i686.manylinux1_i686.whl", hash = "sha256:e3de2777e3b9f4d603112f78006f4ae0acb936e95f06da6cb1a45fbad6bdb4b5"},
    {file = "pydantic_core-2.33.1-pp311-pypy311_pp73-musllinux_1_1_aarch64.whl", hash = "sha256:3a64e81e8cba118e108d7126362ea30e021291b7805d47e4896e52c791be2761"},
    {file = "pydantic_core-2.33.1-pp311-pypy311_pp73-musllinux_1_1_armv7l.whl", hash = "sha256:52928d8c1b6bda03cc6d811e8923dffc87a2d3c8b3bfd2ce16471c7147a24850"},
    {file = "pydantic_core-2.33.1-pp311-pypy311_pp73-musllinux_1_1_x86_64.whl", hash = "sha256:1b30d92c9412beb5ac6b10a3eb7ef92ccb14e3f2a8d7732e2d739f58b3aa7544"},
    {file = "pydantic_core-2.33.1-pp311-pypy311_pp73-win_amd64.whl", hash = "sha256:f995719707e0e29f0f41a8aa3bcea6e761a36c9136104d3189eafb83f5cec5e5"},
    {file = "pydantic_core-2.33.1.tar.gz", hash = "sha256:bcc9c6fdb0ced789245b02b7d6603e17d1563064ddcfc36f046b61c0c05dd9df"},
]

[[package]]
name = "pymongo"
version = "4.7.0"
requires_python = ">=3.7"
summary = "Python driver for MongoDB <http://www.mongodb.org>"
groups = ["default"]
dependencies = [
    "dnspython<3.0.0,>=1.16.0",
]
files = [
    {file = "pymongo-4.7.0-cp310-cp310-macosx_10_9_x86_64.whl", hash = "sha256:8449b6af19cac09cce9d0834c196b29b72b29e05724f4ea208b3f602fdd47086"},
    {file = "pymongo-4.7.0-cp310-cp310-macosx_11_0_arm64.whl", hash = "sha256:eb00787bed1939ef21ffcb09b3034b193c3c6e9838724e2c05ef881cb2b03a33"},
    {file = "pymongo-4.7.0-cp310-cp310-manylinux_2_17_aarch64.manylinux2014_aarch64.whl", hash = "sha256:f8c4cbe5a1258b9f3a49f83781c8b2fb58f39a682779a3c81dc444a609cb15ba"},
    {file = "pymongo-4.7.0-cp310-cp310-manylinux_2_17_ppc64le.manylinux2014_ppc64le.whl", hash = "sha256:12db8e8768bd0d4a433eea3463f05648c3f65f262776c777a0e19e7c55f27a73"},
    {file = "pymongo-4.7.0-cp310-cp310-manylinux_2_17_s390x.manylinux2014_s390x.whl", hash = "sha256:7be2e57df38fa9b1b6f9ebe5bedd38118b511d3bdf0d9e77158c476542c9153d"},
    {file = "pymongo-4.7.0-cp310-cp310-manylinux_2_17_x86_64.manylinux2014_x86_64.whl", hash = "sha256:4b2b49670b32df8cf6650133cf439593f0291228ce971094c62c3a478024c7d1"},
    {file = "pymongo-4.7.0-cp310-cp310-manylinux_2_5_i686.manylinux1_i686.manylinux_2_17_i686.manylinux2014_i686.whl", hash = "sha256:5366f28b2115120611536914540b0d247a89b09bb80bbc78893f246a584165b9"},
    {file = "pymongo-4.7.0-cp310-cp310-win32.whl", hash = "sha256:6c993fff4c110f6de4d76b76af97733efecae83b688cb27d1a3c5431415e3803"},
    {file = "pymongo-4.7.0-cp310-cp310-win_amd64.whl", hash = "sha256:66b490775aa4542e0585ffdff1d0c6c4279536c852334f34a6a9a5c882beafd4"},
    {file = "pymongo-4.7.0-cp311-cp311-macosx_10_9_x86_64.whl", hash = "sha256:9584be3d20ee26b53c0b1e25ba38196b7f65f594f48211b5ab3fa12b428ec6a9"},
    {file = "pymongo-4.7.0-cp311-cp311-macosx_11_0_arm64.whl", hash = "sha256:db2885773af0c10420e6bb86e84ee780bc3817d45a29ef24d8f6376ae2351eec"},
    {file = "pymongo-4.7.0-cp311-cp311-manylinux_2_17_aarch64.manylinux2014_aarch64.whl", hash = "sha256:8af3de7fea21b1ced0770766ec37a5900a62b45fe4b8f1dfa521226d591dbf66"},
    {file = "pymongo-4.7.0-cp311-cp311-manylinux_2_17_ppc64le.manylinux2014_ppc64le.whl", hash = "sha256:78b0ba6d60c7f2ac779909ac53383c83584826a304206559599c46a33366622a"},
    {file = "pymongo-4.7.0-cp311-cp311-manylinux_2_17_s390x.manylinux2014_s390x.whl", hash = "sha256:4c82105c91cf95821039aca48350630435e7be18989496b6292aaa8779fa5fb6"},
    {file = "pymongo-4.7.0-cp311-cp311-manylinux_2_17_x86_64.manylinux2014_x86_64.whl", hash = "sha256:44eb2a3adaa0916f2fb6812d4d805956fd376b7fceae3b62f5dfae5e29330786"},
    {file = "pymongo-4.7.0-cp311-cp311-manylinux_2_5_i686.manylinux1_i686.manylinux_2_17_i686.manylinux2014_i686.whl", hash = "sha256:2161278182f3163d15afc3c578097ec20c844ac7180e41134a2a2b5c9ae77b9d"},
    {file = "pymongo-4.7.0-cp311-cp311-win32.whl", hash = "sha256:98cb932ab936d702e28cf8da1982dcf5e7cfc35736b7516c0df7aaa46c63e0e2"},
    {file = "pymongo-4.7.0-cp311-cp311-win_amd64.whl", hash = "sha256:3f1d57edc2a4bd96ae5741e4d83d3d54695174fd9068c88c89e12f7262be4de4"},
    {file = "pymongo-4.7.0-cp312-cp312-macosx_10_9_x86_64.whl", hash = "sha256:36d05d1ff861dda7c9e84d9848ea6f2b5d2245ae1093865d14597de29ba95b37"},
    {file = "pymongo-4.7.0-cp312-cp312-macosx_11_0_arm64.whl", hash = "sha256:0ad32bb7e5f889fc5994001f7bb8bf945b52e10e428a563dfce0661961eae224"},
    {file = "pymongo-4.7.0-cp312-cp312-manylinux_2_17_aarch64.manylinux2014_aarch64.whl", hash = "sha256:8885f825203fa14ce863b462effcd93e07bfc6e582b3b93cfcde5ae42ccc9923"},
    {file = "pymongo-4.7.0-cp312-cp312-manylinux_2_17_ppc64le.manylinux2014_ppc64le.whl", hash = "sha256:cf4187bc91bd10e29857775651101d0ec26e580d6b46a8c5cbf93928358ac3c3"},
    {file = "pymongo-4.7.0-cp312-cp312-manylinux_2_17_s390x.manylinux2014_s390x.whl", hash = "sha256:aebd99aaea95c48fba24bc3d7b72e7bf70e06df4c647de938c4d3dce2fd25a1c"},
    {file = "pymongo-4.7.0-cp312-cp312-manylinux_2_17_x86_64.manylinux2014_x86_64.whl", hash = "sha256:52facf98dcba501b2ae337d21f065cc30ceb25b97ce8f17878c1ae9d781f7f26"},
    {file = "pymongo-4.7.0-cp312-cp312-manylinux_2_5_i686.manylinux1_i686.manylinux_2_17_i686.manylinux2014_i686.whl", hash = "sha256:f807dadc8030a5b55915f78fac25393af47bee8ccb62b5a6c5c622274ff4adf1"},
    {file = "pymongo-4.7.0-cp312-cp312-win32.whl", hash = "sha256:7a3c9218c5bc4384fa079f41b744473ada6a5f549fc11a4ae0fe7287746acc04"},
    {file = "pymongo-4.7.0-cp312-cp312-win_amd64.whl", hash = "sha256:97ccb53d9310d5963df1a4543f1cfabdfd914638a5c8438234f6ed70d9303222"},
    {file = "pymongo-4.7.0.tar.gz", hash = "sha256:431093ef808944a14698b2a719b739fa7721778769e80c08423568991aa29c42"},
]

[[package]]
name = "pytest"
version = "8.1.1"
requires_python = ">=3.8"
summary = "pytest: simple powerful testing with Python"
groups = ["test"]
dependencies = [
    "colorama; sys_platform == \"win32\"",
    "exceptiongroup>=1.0.0rc8; python_version < \"3.11\"",
    "iniconfig",
    "packaging",
    "pluggy<2.0,>=1.4",
    "tomli>=1; python_version < \"3.11\"",
]
files = [
    {file = "pytest-8.1.1-py3-none-any.whl", hash = "sha256:2a8386cfc11fa9d2c50ee7b2a57e7d898ef90470a7a34c4b949ff59662bb78b7"},
    {file = "pytest-8.1.1.tar.gz", hash = "sha256:ac978141a75948948817d360297b7aae0fcb9d6ff6bc9ec6d514b85d5a65c044"},
]

[[package]]
name = "pytest-asyncio"
version = "0.23.6"
requires_python = ">=3.8"
summary = "Pytest support for asyncio"
groups = ["test"]
dependencies = [
    "pytest<9,>=7.0.0",
]
files = [
    {file = "pytest-asyncio-0.23.6.tar.gz", hash = "sha256:ffe523a89c1c222598c76856e76852b787504ddb72dd5d9b6617ffa8aa2cde5f"},
    {file = "pytest_asyncio-0.23.6-py3-none-any.whl", hash = "sha256:68516fdd1018ac57b846c9846b954f0393b26f094764a28c955eabb0536a4e8a"},
]

[[package]]
name = "pytest-cov"
version = "5.0.0"
requires_python = ">=3.8"
summary = "Pytest plugin for measuring coverage."
groups = ["test"]
dependencies = [
    "coverage[toml]>=5.2.1",
    "pytest>=4.6",
]
files = [
    {file = "pytest-cov-5.0.0.tar.gz", hash = "sha256:5837b58e9f6ebd335b0f8060eecce69b662415b16dc503883a02f45dfeb14857"},
    {file = "pytest_cov-5.0.0-py3-none-any.whl", hash = "sha256:4f0764a1219df53214206bf1feea4633c3b558a2925c8b59f144f682861ce652"},
]

[[package]]
name = "ruff"
version = "0.4.1"
requires_python = ">=3.7"
summary = "An extremely fast Python linter and code formatter, written in Rust."
groups = ["dev"]
files = [
    {file = "ruff-0.4.1-py3-none-macosx_10_12_x86_64.macosx_11_0_arm64.macosx_10_12_universal2.whl", hash = "sha256:2d9ef6231e3fbdc0b8c72404a1a0c46fd0dcea84efca83beb4681c318ea6a953"},
    {file = "ruff-0.4.1-py3-none-macosx_10_12_x86_64.whl", hash = "sha256:9485f54a7189e6f7433e0058cf8581bee45c31a25cd69009d2a040d1bd4bfaef"},
    {file = "ruff-0.4.1-py3-none-manylinux_2_17_aarch64.manylinux2014_aarch64.whl", hash = "sha256:d2921ac03ce1383e360e8a95442ffb0d757a6a7ddd9a5be68561a671e0e5807e"},
    {file = "ruff-0.4.1-py3-none-manylinux_2_17_armv7l.manylinux2014_armv7l.whl", hash = "sha256:eec8d185fe193ad053eda3a6be23069e0c8ba8c5d20bc5ace6e3b9e37d246d3f"},
    {file = "ruff-0.4.1-py3-none-manylinux_2_17_i686.manylinux2014_i686.whl", hash = "sha256:baa27d9d72a94574d250f42b7640b3bd2edc4c58ac8ac2778a8c82374bb27984"},
    {file = "ruff-0.4.1-py3-none-manylinux_2_17_ppc64.manylinux2014_ppc64.whl", hash = "sha256:f1ee41580bff1a651339eb3337c20c12f4037f6110a36ae4a2d864c52e5ef954"},
    {file = "ruff-0.4.1-py3-none-manylinux_2_17_ppc64le.manylinux2014_ppc64le.whl", hash = "sha256:0926cefb57fc5fced629603fbd1a23d458b25418681d96823992ba975f050c2b"},
    {file = "ruff-0.4.1-py3-none-manylinux_2_17_s390x.manylinux2014_s390x.whl", hash = "sha256:2c6e37f2e3cd74496a74af9a4fa67b547ab3ca137688c484749189bf3a686ceb"},
    {file = "ruff-0.4.1-py3-none-manylinux_2_17_x86_64.manylinux2014_x86_64.whl", hash = "sha256:efd703a5975ac1998c2cc5e9494e13b28f31e66c616b0a76e206de2562e0843c"},
    {file = "ruff-0.4.1-py3-none-musllinux_1_2_aarch64.whl", hash = "sha256:b92f03b4aa9fa23e1799b40f15f8b95cdc418782a567d6c43def65e1bbb7f1cf"},
    {file = "ruff-0.4.1-py3-none-musllinux_1_2_armv7l.whl", hash = "sha256:1c859f294f8633889e7d77de228b203eb0e9a03071b72b5989d89a0cf98ee262"},
    {file = "ruff-0.4.1-py3-none-musllinux_1_2_i686.whl", hash = "sha256:b34510141e393519a47f2d7b8216fec747ea1f2c81e85f076e9f2910588d4b64"},
    {file = "ruff-0.4.1-py3-none-musllinux_1_2_x86_64.whl", hash = "sha256:6e68d248ed688b9d69fd4d18737edcbb79c98b251bba5a2b031ce2470224bdf9"},
    {file = "ruff-0.4.1-py3-none-win32.whl", hash = "sha256:b90506f3d6d1f41f43f9b7b5ff845aeefabed6d2494307bc7b178360a8805252"},
    {file = "ruff-0.4.1-py3-none-win_amd64.whl", hash = "sha256:c7d391e5936af5c9e252743d767c564670dc3889aff460d35c518ee76e4b26d7"},
    {file = "ruff-0.4.1-py3-none-win_arm64.whl", hash = "sha256:a1eaf03d87e6a7cd5e661d36d8c6e874693cb9bc3049d110bc9a97b350680c43"},
    {file = "ruff-0.4.1.tar.gz", hash = "sha256:d592116cdbb65f8b1b7e2a2b48297eb865f6bdc20641879aa9d7b9c11d86db79"},
]

[[package]]
name = "tomli"
version = "2.0.1"
requires_python = ">=3.7"
summary = "A lil' TOML parser"
groups = ["test"]
marker = "python_version < \"3.11\""
files = [
    {file = "tomli-2.0.1-py3-none-any.whl", hash = "sha256:939de3e7a6161af0c887ef91b7d41a53e7c5a1ca976325f429cb46ea9bc30ecc"},
    {file = "tomli-2.0.1.tar.gz", hash = "sha256:de526c12914f0c550d15924c62d72abc48d6fe7364aa87328337a31007fe8a4f"},
]

[[package]]
name = "typing-extensions"
version = "4.13.2"
requires_python = ">=3.8"
summary = "Backported and Experimental Type Hints for Python 3.8+"
groups = ["default", "pydantic"]
files = [
    {file = "typing_extensions-4.13.2-py3-none-any.whl", hash = "sha256:a439e7c04b49fec3e5d3e2beaa21755cadbbdc391694e28ccdd36ca4a1408f8c"},
    {file = "typing_extensions-4.13.2.tar.gz", hash = "sha256:e6c81219bd689f51865d9e372991c540bda33a0379d5573cddb9a3a23f7caaef"},
]

[[package]]
name = "typing-inspection"
version = "0.4.0"
requires_python = ">=3.9"
summary = "Runtime typing introspection tools"
groups = ["pydantic"]
dependencies = [
    "typing-extensions>=4.12.0",
]
files = [
    {file = "typing_inspection-0.4.0-py3-none-any.whl", hash = "sha256:50e72559fcd2a6367a19f7a7e610e6afcb9fac940c650290eed893d61386832f"},
    {file = "typing_inspection-0.4.0.tar.gz", hash = "sha256:9765c87de36671694a67904bf2c96e395be9c6439bb6c87b5142569dcdd65122"},
]
